{
  "name": "madcap-react",
  "version": "0.1.0",
  "lockfileVersion": 1,
  "requires": true,
  "dependencies": {
    "madcap": {
      "version": "0.1.0",
      "requires": {
        "@types/stacktrace-js": "0.0.32",
        "stacktrace-js": "2.0.0"
      },
      "dependencies": {
        "@types/stacktrace-js": {
          "version": "0.0.32",
          "bundled": true
        },
        "error-stack-parser": {
          "version": "2.0.1",
          "bundled": true,
          "requires": {
            "stackframe": "1.0.4"
          }
        },
        "source-map": {
          "version": "0.5.6",
          "bundled": true
        },
        "stack-generator": {
          "version": "2.0.2",
          "bundled": true,
          "requires": {
            "stackframe": "1.0.4"
          }
        },
        "stackframe": {
          "version": "1.0.4",
          "bundled": true
        },
        "stacktrace-gps": {
          "version": "3.0.2",
          "bundled": true,
          "requires": {
            "source-map": "0.5.6",
            "stackframe": "1.0.4"
          }
        },
        "stacktrace-js": {
          "version": "2.0.0",
          "bundled": true,
          "requires": {
            "error-stack-parser": "2.0.1",
            "stack-generator": "2.0.2",
            "stacktrace-gps": "3.0.2"
          }
        }
      }
    }
  }
}
